// !$*UTF8*$!
{
	archiveVersion = 1;
	classes = {
	};
	objectVersion = 56;
	objects = {

/* Begin PBXBuildFile section */
		3FA677F1297AD660003E32D5 /* HOURsRelease.entitlements in Resources */ = {isa = PBXBuildFile; fileRef = 3FA677EB297AC1A0003E32D5 /* HOURsRelease.entitlements */; };
		3FA677F4297AD90D003E32D5 /* Branch in Frameworks */ = {isa = PBXBuildFile; productRef = 3FA677F3297AD90D003E32D5 /* Branch */; };
		3FD1460D29786A2900AAA3E5 /* HOURsApp.swift in Sources */ = {isa = PBXBuildFile; fileRef = 3FD1460C29786A2900AAA3E5 /* HOURsApp.swift */; };
		3FD1460F29786A2900AAA3E5 /* ContentView.swift in Sources */ = {isa = PBXBuildFile; fileRef = 3FD1460E29786A2900AAA3E5 /* ContentView.swift */; };
		3FD1461129786A2B00AAA3E5 /* Assets.xcassets in Resources */ = {isa = PBXBuildFile; fileRef = 3FD1461029786A2B00AAA3E5 /* Assets.xcassets */; };
		3FD1461429786A2B00AAA3E5 /* Preview Assets.xcassets in Resources */ = {isa = PBXBuildFile; fileRef = 3FD1461329786A2B00AAA3E5 /* Preview Assets.xcassets */; };
		3FD14622297A8C6200AAA3E5 /* Product.swift in Sources */ = {isa = PBXBuildFile; fileRef = 3FD14621297A8C6200AAA3E5 /* Product.swift */; };
		3FD14626297A8FE400AAA3E5 /* Home.swift in Sources */ = {isa = PBXBuildFile; fileRef = 3FD14625297A8FE400AAA3E5 /* Home.swift */; };
		3FD14628297A906400AAA3E5 /* AppDataModel.swift in Sources */ = {isa = PBXBuildFile; fileRef = 3FD14627297A906400AAA3E5 /* AppDataModel.swift */; };
/* End PBXBuildFile section */

/* Begin PBXFileReference section */
		3FA677EB297AC1A0003E32D5 /* HOURsRelease.entitlements */ = {isa = PBXFileReference; lastKnownFileType = text.plist.entitlements; path = HOURsRelease.entitlements; sourceTree = "<group>"; };
		3FA677EF297AC9CA003E32D5 /* apple-app-site-association */ = {isa = PBXFileReference; lastKnownFileType = text; path = "apple-app-site-association"; sourceTree = "<group>"; };
		3FD1460929786A2900AAA3E5 /* HOURs.app */ = {isa = PBXFileReference; explicitFileType = wrapper.application; includeInIndex = 0; path = HOURs.app; sourceTree = BUILT_PRODUCTS_DIR; };
		3FD1460C29786A2900AAA3E5 /* HOURsApp.swift */ = {isa = PBXFileReference; lastKnownFileType = sourcecode.swift; path = HOURsApp.swift; sourceTree = "<group>"; };
		3FD1460E29786A2900AAA3E5 /* ContentView.swift */ = {isa = PBXFileReference; lastKnownFileType = sourcecode.swift; path = ContentView.swift; sourceTree = "<group>"; };
		3FD1461029786A2B00AAA3E5 /* Assets.xcassets */ = {isa = PBXFileReference; lastKnownFileType = folder.assetcatalog; path = Assets.xcassets; sourceTree = "<group>"; };
		3FD1461329786A2B00AAA3E5 /* Preview Assets.xcassets */ = {isa = PBXFileReference; lastKnownFileType = folder.assetcatalog; path = "Preview Assets.xcassets"; sourceTree = "<group>"; };
		3FD1461A29786A8100AAA3E5 /* Info.plist */ = {isa = PBXFileReference; lastKnownFileType = text.plist; path = Info.plist; sourceTree = "<group>"; };
		3FD14621297A8C6200AAA3E5 /* Product.swift */ = {isa = PBXFileReference; lastKnownFileType = sourcecode.swift; path = Product.swift; sourceTree = "<group>"; };
		3FD14625297A8FE400AAA3E5 /* Home.swift */ = {isa = PBXFileReference; lastKnownFileType = sourcecode.swift; path = Home.swift; sourceTree = "<group>"; };
		3FD14627297A906400AAA3E5 /* AppDataModel.swift */ = {isa = PBXFileReference; lastKnownFileType = sourcecode.swift; path = AppDataModel.swift; sourceTree = "<group>"; };
/* End PBXFileReference section */

/* Begin PBXFrameworksBuildPhase section */
		3FD1460629786A2900AAA3E5 /* Frameworks */ = {
			isa = PBXFrameworksBuildPhase;
			buildActionMask = 2147483647;
			files = (
				3FA677F4297AD90D003E32D5 /* Branch in Frameworks */,
			);
			runOnlyForDeploymentPostprocessing = 0;
		};
/* End PBXFrameworksBuildPhase section */

/* Begin PBXGroup section */
		3FD1460029786A2900AAA3E5 = {
			isa = PBXGroup;
			children = (
				3FA677EF297AC9CA003E32D5 /* apple-app-site-association */,
				3FD1460B29786A2900AAA3E5 /* HOURs */,
				3FD1460A29786A2900AAA3E5 /* Products */,
			);
			sourceTree = "<group>";
		};
		3FD1460A29786A2900AAA3E5 /* Products */ = {
			isa = PBXGroup;
			children = (
				3FD1460929786A2900AAA3E5 /* HOURs.app */,
			);
			name = Products;
			sourceTree = "<group>";
		};
		3FD1460B29786A2900AAA3E5 /* HOURs */ = {
			isa = PBXGroup;
			children = (
				3FA677EB297AC1A0003E32D5 /* HOURsRelease.entitlements */,
				3FD1461D297A869700AAA3E5 /* View Model */,
				3FD1461C297A868F00AAA3E5 /* Model */,
				3FD1461B297A868700AAA3E5 /* View */,
				3FD1461A29786A8100AAA3E5 /* Info.plist */,
				3FD1460C29786A2900AAA3E5 /* HOURsApp.swift */,
				3FD1460E29786A2900AAA3E5 /* ContentView.swift */,
				3FD1461029786A2B00AAA3E5 /* Assets.xcassets */,
				3FD1461229786A2B00AAA3E5 /* Preview Content */,
			);
			path = HOURs;
			sourceTree = "<group>";
		};
		3FD1461229786A2B00AAA3E5 /* Preview Content */ = {
			isa = PBXGroup;
			children = (
				3FD1461329786A2B00AAA3E5 /* Preview Assets.xcassets */,
			);
			path = "Preview Content";
			sourceTree = "<group>";
		};
		3FD1461B297A868700AAA3E5 /* View */ = {
			isa = PBXGroup;
			children = (
				3FD14625297A8FE400AAA3E5 /* Home.swift */,
			);
			path = View;
			sourceTree = "<group>";
		};
		3FD1461C297A868F00AAA3E5 /* Model */ = {
			isa = PBXGroup;
			children = (
				3FD14621297A8C6200AAA3E5 /* Product.swift */,
			);
			path = Model;
			sourceTree = "<group>";
		};
		3FD1461D297A869700AAA3E5 /* View Model */ = {
			isa = PBXGroup;
			children = (
				3FD14627297A906400AAA3E5 /* AppDataModel.swift */,
			);
			path = "View Model";
			sourceTree = "<group>";
		};
/* End PBXGroup section */

/* Begin PBXNativeTarget section */
		3FD1460829786A2900AAA3E5 /* HOURs */ = {
			isa = PBXNativeTarget;
			buildConfigurationList = 3FD1461729786A2B00AAA3E5 /* Build configuration list for PBXNativeTarget "HOURs" */;
			buildPhases = (
				3FD1460529786A2900AAA3E5 /* Sources */,
				3FD1460629786A2900AAA3E5 /* Frameworks */,
				3FD1460729786A2900AAA3E5 /* Resources */,
			);
			buildRules = (
			);
			dependencies = (
			);
			name = HOURs;
			packageProductDependencies = (
				3FA677F3297AD90D003E32D5 /* Branch */,
			);
			productName = HOURs;
			productReference = 3FD1460929786A2900AAA3E5 /* HOURs.app */;
			productType = "com.apple.product-type.application";
		};
/* End PBXNativeTarget section */

/* Begin PBXProject section */
		3FD1460129786A2900AAA3E5 /* Project object */ = {
			isa = PBXProject;
			attributes = {
				BuildIndependentTargetsInParallel = 1;
				LastSwiftUpdateCheck = 1410;
				LastUpgradeCheck = 1410;
				TargetAttributes = {
					3FD1460829786A2900AAA3E5 = {
						CreatedOnToolsVersion = 14.1;
					};
				};
			};
			buildConfigurationList = 3FD1460429786A2900AAA3E5 /* Build configuration list for PBXProject "HOURs" */;
			compatibilityVersion = "Xcode 14.0";
			developmentRegion = en;
			hasScannedForEncodings = 0;
			knownRegions = (
				en,
				Base,
			);
			mainGroup = 3FD1460029786A2900AAA3E5;
			packageReferences = (
				3FA677F2297AD90D003E32D5 /* XCRemoteSwiftPackageReference "ios-branch-sdk-spm" */,
			);
			productRefGroup = 3FD1460A29786A2900AAA3E5 /* Products */;
			projectDirPath = "";
			projectRoot = "";
			targets = (
				3FD1460829786A2900AAA3E5 /* HOURs */,
			);
		};
/* End PBXProject section */

/* Begin PBXResourcesBuildPhase section */
		3FD1460729786A2900AAA3E5 /* Resources */ = {
			isa = PBXResourcesBuildPhase;
			buildActionMask = 2147483647;
			files = (
				3FA677F1297AD660003E32D5 /* HOURsRelease.entitlements in Resources */,
				3FD1461429786A2B00AAA3E5 /* Preview Assets.xcassets in Resources */,
				3FD1461129786A2B00AAA3E5 /* Assets.xcassets in Resources */,
			);
			runOnlyForDeploymentPostprocessing = 0;
		};
/* End PBXResourcesBuildPhase section */

/* Begin PBXSourcesBuildPhase section */
		3FD1460529786A2900AAA3E5 /* Sources */ = {
			isa = PBXSourcesBuildPhase;
			buildActionMask = 2147483647;
			files = (
				3FD1460F29786A2900AAA3E5 /* ContentView.swift in Sources */,
				3FD14622297A8C6200AAA3E5 /* Product.swift in Sources */,
				3FD14626297A8FE400AAA3E5 /* Home.swift in Sources */,
				3FD1460D29786A2900AAA3E5 /* HOURsApp.swift in Sources */,
				3FD14628297A906400AAA3E5 /* AppDataModel.swift in Sources */,
			);
			runOnlyForDeploymentPostprocessing = 0;
		};
/* End PBXSourcesBuildPhase section */

/* Begin XCBuildConfiguration section */
		3FD1461529786A2B00AAA3E5 /* Debug */ = {
			isa = XCBuildConfiguration;
			buildSettings = {
				ALWAYS_SEARCH_USER_PATHS = NO;
				CLANG_ANALYZER_NONNULL = YES;
				CLANG_ANALYZER_NUMBER_OBJECT_CONVERSION = YES_AGGRESSIVE;
				CLANG_CXX_LANGUAGE_STANDARD = "gnu++20";
				CLANG_ENABLE_MODULES = YES;
				CLANG_ENABLE_OBJC_ARC = YES;
				CLANG_ENABLE_OBJC_WEAK = YES;
				CLANG_WARN_BLOCK_CAPTURE_AUTORELEASING = YES;
				CLANG_WARN_BOOL_CONVERSION = YES;
				CLANG_WARN_COMMA = YES;
				CLANG_WARN_CONSTANT_CONVERSION = YES;
				CLANG_WARN_DEPRECATED_OBJC_IMPLEMENTATIONS = YES;
				CLANG_WARN_DIRECT_OBJC_ISA_USAGE = YES_ERROR;
				CLANG_WARN_DOCUMENTATION_COMMENTS = YES;
				CLANG_WARN_EMPTY_BODY = YES;
				CLANG_WARN_ENUM_CONVERSION = YES;
				CLANG_WARN_INFINITE_RECURSION = YES;
				CLANG_WARN_INT_CONVERSION = YES;
				CLANG_WARN_NON_LITERAL_NULL_CONVERSION = YES;
				CLANG_WARN_OBJC_IMPLICIT_RETAIN_SELF = YES;
				CLANG_WARN_OBJC_LITERAL_CONVERSION = YES;
				CLANG_WARN_OBJC_ROOT_CLASS = YES_ERROR;
				CLANG_WARN_QUOTED_INCLUDE_IN_FRAMEWORK_HEADER = YES;
				CLANG_WARN_RANGE_LOOP_ANALYSIS = YES;
				CLANG_WARN_STRICT_PROTOTYPES = YES;
				CLANG_WARN_SUSPICIOUS_MOVE = YES;
				CLANG_WARN_UNGUARDED_AVAILABILITY = YES_AGGRESSIVE;
				CLANG_WARN_UNREACHABLE_CODE = YES;
				CLANG_WARN__DUPLICATE_METHOD_MATCH = YES;
				COPY_PHASE_STRIP = NO;
				DEBUG_INFORMATION_FORMAT = dwarf;
				ENABLE_STRICT_OBJC_MSGSEND = YES;
				ENABLE_TESTABILITY = YES;
				GCC_C_LANGUAGE_STANDARD = gnu11;
				GCC_DYNAMIC_NO_PIC = NO;
				GCC_NO_COMMON_BLOCKS = YES;
				GCC_OPTIMIZATION_LEVEL = 0;
				GCC_PREPROCESSOR_DEFINITIONS = (
					"DEBUG=1",
					"$(inherited)",
				);
				GCC_WARN_64_TO_32_BIT_CONVERSION = YES;
				GCC_WARN_ABOUT_RETURN_TYPE = YES_ERROR;
				GCC_WARN_UNDECLARED_SELECTOR = YES;
				GCC_WARN_UNINITIALIZED_AUTOS = YES_AGGRESSIVE;
				GCC_WARN_UNUSED_FUNCTION = YES;
				GCC_WARN_UNUSED_VARIABLE = YES;
				IPHONEOS_DEPLOYMENT_TARGET = 16.1;
				MTL_ENABLE_DEBUG_INFO = INCLUDE_SOURCE;
				MTL_FAST_MATH = YES;
				ONLY_ACTIVE_ARCH = YES;
				SDKROOT = iphoneos;
				SWIFT_ACTIVE_COMPILATION_CONDITIONS = DEBUG;
				SWIFT_OPTIMIZATION_LEVEL = "-Onone";
			};
			name = Debug;
		};
		3FD1461629786A2B00AAA3E5 /* Release */ = {
			isa = XCBuildConfiguration;
			buildSettings = {
				ALWAYS_SEARCH_USER_PATHS = NO;
				CLANG_ANALYZER_NONNULL = YES;
				CLANG_ANALYZER_NUMBER_OBJECT_CONVERSION = YES_AGGRESSIVE;
				CLANG_CXX_LANGUAGE_STANDARD = "gnu++20";
				CLANG_ENABLE_MODULES = YES;
				CLANG_ENABLE_OBJC_ARC = YES;
				CLANG_ENABLE_OBJC_WEAK = YES;
				CLANG_WARN_BLOCK_CAPTURE_AUTORELEASING = YES;
				CLANG_WARN_BOOL_CONVERSION = YES;
				CLANG_WARN_COMMA = YES;
				CLANG_WARN_CONSTANT_CONVERSION = YES;
				CLANG_WARN_DEPRECATED_OBJC_IMPLEMENTATIONS = YES;
				CLANG_WARN_DIRECT_OBJC_ISA_USAGE = YES_ERROR;
				CLANG_WARN_DOCUMENTATION_COMMENTS = YES;
				CLANG_WARN_EMPTY_BODY = YES;
				CLANG_WARN_ENUM_CONVERSION = YES;
				CLANG_WARN_INFINITE_RECURSION = YES;
				CLANG_WARN_INT_CONVERSION = YES;
				CLANG_WARN_NON_LITERAL_NULL_CONVERSION = YES;
				CLANG_WARN_OBJC_IMPLICIT_RETAIN_SELF = YES;
				CLANG_WARN_OBJC_LITERAL_CONVERSION = YES;
				CLANG_WARN_OBJC_ROOT_CLASS = YES_ERROR;
				CLANG_WARN_QUOTED_INCLUDE_IN_FRAMEWORK_HEADER = YES;
				CLANG_WARN_RANGE_LOOP_ANALYSIS = YES;
				CLANG_WARN_STRICT_PROTOTYPES = YES;
				CLANG_WARN_SUSPICIOUS_MOVE = YES;
				CLANG_WARN_UNGUARDED_AVAILABILITY = YES_AGGRESSIVE;
				CLANG_WARN_UNREACHABLE_CODE = YES;
				CLANG_WARN__DUPLICATE_METHOD_MATCH = YES;
				COPY_PHASE_STRIP = NO;
				DEBUG_INFORMATION_FORMAT = "dwarf-with-dsym";
				ENABLE_NS_ASSERTIONS = NO;
				ENABLE_STRICT_OBJC_MSGSEND = YES;
				GCC_C_LANGUAGE_STANDARD = gnu11;
				GCC_NO_COMMON_BLOCKS = YES;
				GCC_WARN_64_TO_32_BIT_CONVERSION = YES;
				GCC_WARN_ABOUT_RETURN_TYPE = YES_ERROR;
				GCC_WARN_UNDECLARED_SELECTOR = YES;
				GCC_WARN_UNINITIALIZED_AUTOS = YES_AGGRESSIVE;
				GCC_WARN_UNUSED_FUNCTION = YES;
				GCC_WARN_UNUSED_VARIABLE = YES;
				IPHONEOS_DEPLOYMENT_TARGET = 16.1;
				MTL_ENABLE_DEBUG_INFO = NO;
				MTL_FAST_MATH = YES;
				SDKROOT = iphoneos;
				SWIFT_COMPILATION_MODE = wholemodule;
				SWIFT_OPTIMIZATION_LEVEL = "-O";
				VALIDATE_PRODUCT = YES;
			};
			name = Release;
		};
		3FD1461829786A2B00AAA3E5 /* Debug */ = {
			isa = XCBuildConfiguration;
			buildSettings = {
				ASSETCATALOG_COMPILER_APPICON_NAME = AppIcon;
				ASSETCATALOG_COMPILER_GLOBAL_ACCENT_COLOR_NAME = AccentColor;
				CODE_SIGN_STYLE = Automatic;
				CURRENT_PROJECT_VERSION = 1;
				DEVELOPMENT_ASSET_PATHS = "\"HOURs/Preview Content\"";
				DEVELOPMENT_TEAM = 23V723C7LT;
				ENABLE_PREVIEWS = YES;
				GENERATE_INFOPLIST_FILE = YES;
				INFOPLIST_FILE = HOURs/Info.plist;
				INFOPLIST_KEY_UIApplicationSceneManifest_Generation = YES;
				INFOPLIST_KEY_UIApplicationSupportsIndirectInputEvents = YES;
				INFOPLIST_KEY_UILaunchScreen_Generation = YES;
				INFOPLIST_KEY_UISupportedInterfaceOrientations = UIInterfaceOrientationPortrait;
				IPHONEOS_DEPLOYMENT_TARGET = 15.0;
				LD_RUNPATH_SEARCH_PATHS = (
					"$(inherited)",
					"@executable_path/Frameworks",
				);
				MARKETING_VERSION = 1.0;
				PRODUCT_BUNDLE_IDENTIFIER = com.lia.iOS.HOURs;
				PRODUCT_NAME = "$(TARGET_NAME)";
				SUPPORTED_PLATFORMS = "iphoneos iphonesimulator";
				SUPPORTS_MACCATALYST = NO;
				SUPPORTS_MAC_DESIGNED_FOR_IPHONE_IPAD = YES;
				SWIFT_EMIT_LOC_STRINGS = YES;
				SWIFT_VERSION = 5.0;
				TARGETED_DEVICE_FAMILY = 1;
			};
			name = Debug;
		};
		3FD1461929786A2B00AAA3E5 /* Release */ = {
			isa = XCBuildConfiguration;
			buildSettings = {
				ASSETCATALOG_COMPILER_APPICON_NAME = AppIcon;
				ASSETCATALOG_COMPILER_GLOBAL_ACCENT_COLOR_NAME = AccentColor;
				CODE_SIGN_ENTITLEMENTS = HOURs/HOURsRelease.entitlements;
				CODE_SIGN_STYLE = Automatic;
				CURRENT_PROJECT_VERSION = 1;
				DEVELOPMENT_ASSET_PATHS = "\"HOURs/Preview Content\"";
				DEVELOPMENT_TEAM = 23V723C7LT;
				ENABLE_PREVIEWS = YES;
				GENERATE_INFOPLIST_FILE = YES;
				INFOPLIST_FILE = HOURs/Info.plist;
				INFOPLIST_KEY_UIApplicationSceneManifest_Generation = YES;
				INFOPLIST_KEY_UIApplicationSupportsIndirectInputEvents = YES;
				INFOPLIST_KEY_UILaunchScreen_Generation = YES;
				INFOPLIST_KEY_UISupportedInterfaceOrientations = UIInterfaceOrientationPortrait;
				IPHONEOS_DEPLOYMENT_TARGET = 15.0;
				LD_RUNPATH_SEARCH_PATHS = (
					"$(inherited)",
					"@executable_path/Frameworks",
				);
				MARKETING_VERSION = 1.0;
				PRODUCT_BUNDLE_IDENTIFIER = com.lia.iOS.HOURs;
				PRODUCT_NAME = "$(TARGET_NAME)";
				SUPPORTED_PLATFORMS = "iphoneos iphonesimulator";
				SUPPORTS_MACCATALYST = NO;
				SUPPORTS_MAC_DESIGNED_FOR_IPHONE_IPAD = YES;
				SWIFT_EMIT_LOC_STRINGS = YES;
				SWIFT_VERSION = 5.0;
				TARGETED_DEVICE_FAMILY = 1;
			};
			name = Release;
		};
/* End XCBuildConfiguration section */

/* Begin XCConfigurationList section */
		3FD1460429786A2900AAA3E5 /* Build configuration list for PBXProject "HOURs" */ = {
			isa = XCConfigurationList;
			buildConfigurations = (
				3FD1461529786A2B00AAA3E5 /* Debug */,
				3FD1461629786A2B00AAA3E5 /* Release */,
			);
			defaultConfigurationIsVisible = 0;
			defaultConfigurationName = Release;
		};
		3FD1461729786A2B00AAA3E5 /* Build configuration list for PBXNativeTarget "HOURs" */ = {
			isa = XCConfigurationList;
			buildConfigurations = (
				3FD1461829786A2B00AAA3E5 /* Debug */,
				3FD1461929786A2B00AAA3E5 /* Release */,
			);
			defaultConfigurationIsVisible = 0;
			defaultConfigurationName = Release;
		};
/* End XCConfigurationList section */

/* Begin XCRemoteSwiftPackageReference section */
		3FA677F2297AD90D003E32D5 /* XCRemoteSwiftPackageReference "ios-branch-sdk-spm" */ = {
			isa = XCRemoteSwiftPackageReference;
			repositoryURL = "https://github.com/BranchMetrics/ios-branch-sdk-spm";
			requirement = {
				kind = upToNextMajorVersion;
				minimumVersion = 1.0.0;
			};
		};
/* End XCRemoteSwiftPackageReference section */

/* Begin XCSwiftPackageProductDependency section */
		3FA677F3297AD90D003E32D5 /* Branch */ = {
			isa = XCSwiftPackageProductDependency;
			package = 3FA677F2297AD90D003E32D5 /* XCRemoteSwiftPackageReference "ios-branch-sdk-spm" */;
			productName = Branch;
		};
/* End XCSwiftPackageProductDependency section */
	};
	rootObject = 3FD1460129786A2900AAA3E5 /* Project object */;
}
